
Microsoft Visual Studio Solution File, Format Version 12.00
# Visual Studio Version 17
VisualStudioVersion = 17.9.34607.119
MinimumVisualStudioVersion = 10.0.40219.1
Project("{8BC9CEB8-8B4A-11D0-8D11-00A0C91BC942}") = "lab4_true", "lab4_true.vcxproj", "{C074ED8A-5DDC-4A75-8D51-4D514F4CA657}"
EndProject
Global
	GlobalSection(SolutionConfigurationPlatforms) = preSolution
		Debug|x64 = Debug|x64
		Debug|x86 = Debug|x86
		Release|x64 = Release|x64
		Release|x86 = Release|x86
	EndGlobalSection
	GlobalSection(ProjectConfigurationPlatforms) = postSolution
		{C074ED8A-5DDC-4A75-8D51-4D514F4CA657}.Debug|x64.ActiveCfg = Debug|x64
		{C074ED8A-5DDC-4A75-8D51-4D514F4CA657}.Debug|x64.Build.0 = Debug|x64
		{C074ED8A-5DDC-4A75-8D51-4D514F4CA657}.Debug|x86.ActiveCfg = Debug|Win32
		{C074ED8A-5DDC-4A75-8D51-4D514F4CA657}.Debug|x86.Build.0 = Debug|Win32
		{C074ED8A-5DDC-4A75-8D51-4D514F4CA657}.Release|x64.ActiveCfg = Release|x64
		{C074ED8A-5DDC-4A75-8D51-4D514F4CA657}.Release|x64.Build.0 = Release|x64
		{C074ED8A-5DDC-4A75-8D51-4D514F4CA657}.Release|x86.ActiveCfg = Release|Win32
		{C074ED8A-5DDC-4A75-8D51-4D514F4CA657}.Release|x86.Build.0 = Release|Win32
	EndGlobalSection
	GlobalSection(SolutionProperties) = preSolution
		HideSolutionNode = FALSE
	EndGlobalSection
	GlobalSection(ExtensibilityGlobals) = postSolution
		SolutionGuid = {DB06E881-869C-4E21-AEF0-3B3ACBFA210A}
	EndGlobalSection
EndGlobal
